// !$*UTF8*$!
{
	archiveVersion = 1;
	classes = {
	};
	objectVersion = 56;
	objects = {

/* Begin PBXBuildFile section */
		560D670A2971C10300874CE1 /* AppDelegate.swift in Sources */ = {isa = PBXBuildFile; fileRef = 560D67092971C10300874CE1 /* AppDelegate.swift */; };
		560D67112971C10300874CE1 /* Main.storyboard in Resources */ = {isa = PBXBuildFile; fileRef = 560D670F2971C10300874CE1 /* Main.storyboard */; };
		560D67132971C10500874CE1 /* Assets.xcassets in Resources */ = {isa = PBXBuildFile; fileRef = 560D67122971C10500874CE1 /* Assets.xcassets */; };
		560D67162971C10500874CE1 /* LaunchScreen.storyboard in Resources */ = {isa = PBXBuildFile; fileRef = 560D67142971C10500874CE1 /* LaunchScreen.storyboard */; };
		560D67592971CB1C00874CE1 /* NetworkProvider.swift in Sources */ = {isa = PBXBuildFile; fileRef = 560D674A2971CB1C00874CE1 /* NetworkProvider.swift */; };
		560D675A2971CB1C00874CE1 /* URLSessionNetworkProvider.swift in Sources */ = {isa = PBXBuildFile; fileRef = 560D674B2971CB1C00874CE1 /* URLSessionNetworkProvider.swift */; };
		560D675B2971CB1C00874CE1 /* HeaderKey.swift in Sources */ = {isa = PBXBuildFile; fileRef = 560D674D2971CB1C00874CE1 /* HeaderKey.swift */; };
		560D675C2971CB1C00874CE1 /* URLBuilder.swift in Sources */ = {isa = PBXBuildFile; fileRef = 560D674E2971CB1C00874CE1 /* URLBuilder.swift */; };
		560D675D2971CB1C00874CE1 /* QueryItemKey.swift in Sources */ = {isa = PBXBuildFile; fileRef = 560D674F2971CB1C00874CE1 /* QueryItemKey.swift */; };
		560D675E2971CB1C00874CE1 /* EndpointPath.swift in Sources */ = {isa = PBXBuildFile; fileRef = 560D67512971CB1C00874CE1 /* EndpointPath.swift */; };
		560D67602971CB1C00874CE1 /* Endpoint.swift in Sources */ = {isa = PBXBuildFile; fileRef = 560D67532971CB1C00874CE1 /* Endpoint.swift */; };
		560D67612971CB1C00874CE1 /* Reachability.swift in Sources */ = {isa = PBXBuildFile; fileRef = 560D67552971CB1C00874CE1 /* Reachability.swift */; };
		560D67622971CB1C00874CE1 /* ApiError.swift in Sources */ = {isa = PBXBuildFile; fileRef = 560D67572971CB1C00874CE1 /* ApiError.swift */; };
		560D67632971CB1C00874CE1 /* ParserError.swift in Sources */ = {isa = PBXBuildFile; fileRef = 560D67582971CB1C00874CE1 /* ParserError.swift */; };
		560D67662971CB8100874CE1 /* Endpoint+UrlRequest.swift in Sources */ = {isa = PBXBuildFile; fileRef = 560D67652971CB8100874CE1 /* Endpoint+UrlRequest.swift */; };
		560D67792971CFA300874CE1 /* URLSessionNetworkProviderMock.swift in Sources */ = {isa = PBXBuildFile; fileRef = 560D676E2971CFA300874CE1 /* URLSessionNetworkProviderMock.swift */; };
		560D677A2971CFA300874CE1 /* URLSessionNetworkProviderTest.swift in Sources */ = {isa = PBXBuildFile; fileRef = 560D676F2971CFA300874CE1 /* URLSessionNetworkProviderTest.swift */; };
		560D677B2971CFA300874CE1 /* ReachabilityMock.swift in Sources */ = {isa = PBXBuildFile; fileRef = 560D67722971CFA300874CE1 /* ReachabilityMock.swift */; };
		560D677C2971CFA300874CE1 /* UrlBuilderTest.swift in Sources */ = {isa = PBXBuildFile; fileRef = 560D67732971CFA300874CE1 /* UrlBuilderTest.swift */; };
		560D67802971D0C900874CE1 /* JSONHelper.swift in Sources */ = {isa = PBXBuildFile; fileRef = 560D677F2971D0C900874CE1 /* JSONHelper.swift */; };
		560D67832971D12200874CE1 /* URLProtocolMock.swift in Sources */ = {isa = PBXBuildFile; fileRef = 560D67822971D12200874CE1 /* URLProtocolMock.swift */; };
		560D67872971D17000874CE1 /* DummyEndpoint.swift in Sources */ = {isa = PBXBuildFile; fileRef = 560D67862971D17000874CE1 /* DummyEndpoint.swift */; };
		560D678E2971D34A00874CE1 /* AppConfiguration.swift in Sources */ = {isa = PBXBuildFile; fileRef = 560D678D2971D34A00874CE1 /* AppConfiguration.swift */; };
		560D67912971D36E00874CE1 /* AppConfigurationTest.swift in Sources */ = {isa = PBXBuildFile; fileRef = 560D67902971D36E00874CE1 /* AppConfigurationTest.swift */; };
		560D67A52971D77600874CE1 /* JsonDataParser.swift in Sources */ = {isa = PBXBuildFile; fileRef = 560D67A42971D77600874CE1 /* JsonDataParser.swift */; };
		560D67A72971D78400874CE1 /* DataParser.swift in Sources */ = {isa = PBXBuildFile; fileRef = 560D67A62971D78400874CE1 /* DataParser.swift */; };
		560D67AB2971D7D200874CE1 /* JsonDataParserTest.swift in Sources */ = {isa = PBXBuildFile; fileRef = 560D67AA2971D7D200874CE1 /* JsonDataParserTest.swift */; };
		560D67AE2971D7EE00874CE1 /* JsonDataParserMock.swift in Sources */ = {isa = PBXBuildFile; fileRef = 560D67AD2971D7EE00874CE1 /* JsonDataParserMock.swift */; };
		560D67B12971D89B00874CE1 /* TestingAppDelegate.swift in Sources */ = {isa = PBXBuildFile; fileRef = 560D67B02971D89B00874CE1 /* TestingAppDelegate.swift */; };
		560D67B42971D8BE00874CE1 /* TestingRootViewController.swift in Sources */ = {isa = PBXBuildFile; fileRef = 560D67B32971D8BE00874CE1 /* TestingRootViewController.swift */; };
		560D67B72971D92B00874CE1 /* TestingSceneDelegate.swift in Sources */ = {isa = PBXBuildFile; fileRef = 560D67B62971D92B00874CE1 /* TestingSceneDelegate.swift */; };
		560D67BA2971D95500874CE1 /* main.swift in Sources */ = {isa = PBXBuildFile; fileRef = 560D67B92971D95500874CE1 /* main.swift */; };
		560D67BC2971D9F000874CE1 /* SceneDelegate.swift in Sources */ = {isa = PBXBuildFile; fileRef = 560D67BB2971D9F000874CE1 /* SceneDelegate.swift */; };
		560D67C22971DBA500874CE1 /* Storyboarded.swift in Sources */ = {isa = PBXBuildFile; fileRef = 560D67C12971DBA500874CE1 /* Storyboarded.swift */; };
		560D67C42971DBC600874CE1 /* Coordinator.swift in Sources */ = {isa = PBXBuildFile; fileRef = 560D67C32971DBC600874CE1 /* Coordinator.swift */; };
		560D67C62971DBE000874CE1 /* MainCoordinator.swift in Sources */ = {isa = PBXBuildFile; fileRef = 560D67C52971DBE000874CE1 /* MainCoordinator.swift */; };
		560D67C92971DC1200874CE1 /* Storyboarded+Instanciate.swift in Sources */ = {isa = PBXBuildFile; fileRef = 560D67C82971DC1200874CE1 /* Storyboarded+Instanciate.swift */; };
		560D67CD2971DC6600874CE1 /* UpcomingSportsViewController.swift in Sources */ = {isa = PBXBuildFile; fileRef = 560D67CC2971DC6600874CE1 /* UpcomingSportsViewController.swift */; };
		560D67D02971DF5B00874CE1 /* Service.swift in Sources */ = {isa = PBXBuildFile; fileRef = 560D67CF2971DF5B00874CE1 /* Service.swift */; };
		560D67D22971DF8B00874CE1 /* SportsService.swift in Sources */ = {isa = PBXBuildFile; fileRef = 560D67D12971DF8B00874CE1 /* SportsService.swift */; };
		560D67D52971E02200874CE1 /* UpcomingEventsEndpoint.swift in Sources */ = {isa = PBXBuildFile; fileRef = 560D67D42971E02200874CE1 /* UpcomingEventsEndpoint.swift */; };
		560D67D72971E19B00874CE1 /* Sport.swift in Sources */ = {isa = PBXBuildFile; fileRef = 560D67D62971E19B00874CE1 /* Sport.swift */; };
		560D67D92971E28900874CE1 /* Event.swift in Sources */ = {isa = PBXBuildFile; fileRef = 560D67D82971E28900874CE1 /* Event.swift */; };
		560D67DB2971E41900874CE1 /* SportServiceTest.swift in Sources */ = {isa = PBXBuildFile; fileRef = 560D67DA2971E41900874CE1 /* SportServiceTest.swift */; };
		560D67DC2971E68600874CE1 /* upcoming-sports.json in Resources */ = {isa = PBXBuildFile; fileRef = 560D67892971D1F600874CE1 /* upcoming-sports.json */; };
		564E0FF3297326D5002BF05E /* UpcomingSportsViewModel.swift in Sources */ = {isa = PBXBuildFile; fileRef = 564E0FF2297326D5002BF05E /* UpcomingSportsViewModel.swift */; };
		564E0FF629732710002BF05E /* UpcomingSportsView.swift in Sources */ = {isa = PBXBuildFile; fileRef = 564E0FF529732710002BF05E /* UpcomingSportsView.swift */; };
		564E1002297342BC002BF05E /* EventListViewController.swift in Sources */ = {isa = PBXBuildFile; fileRef = 564E1001297342BC002BF05E /* EventListViewController.swift */; };
/* End PBXBuildFile section */

/* Begin PBXContainerItemProxy section */
		560D671D2971C10500874CE1 /* PBXContainerItemProxy */ = {
			isa = PBXContainerItemProxy;
			containerPortal = 560D66FE2971C10300874CE1 /* Project object */;
			proxyType = 1;
			remoteGlobalIDString = 560D67052971C10300874CE1;
			remoteInfo = Pulse;
		};
/* End PBXContainerItemProxy section */

/* Begin PBXFileReference section */
		560D67062971C10300874CE1 /* Pulse.app */ = {isa = PBXFileReference; explicitFileType = wrapper.application; includeInIndex = 0; path = Pulse.app; sourceTree = BUILT_PRODUCTS_DIR; };
		560D67092971C10300874CE1 /* AppDelegate.swift */ = {isa = PBXFileReference; lastKnownFileType = sourcecode.swift; path = AppDelegate.swift; sourceTree = "<group>"; };
		560D67102971C10300874CE1 /* Base */ = {isa = PBXFileReference; lastKnownFileType = file.storyboard; name = Base; path = Base.lproj/Main.storyboard; sourceTree = "<group>"; };
		560D67122971C10500874CE1 /* Assets.xcassets */ = {isa = PBXFileReference; lastKnownFileType = folder.assetcatalog; path = Assets.xcassets; sourceTree = "<group>"; };
		560D67152971C10500874CE1 /* Base */ = {isa = PBXFileReference; lastKnownFileType = file.storyboard; name = Base; path = Base.lproj/LaunchScreen.storyboard; sourceTree = "<group>"; };
		560D67172971C10500874CE1 /* Info.plist */ = {isa = PBXFileReference; lastKnownFileType = text.plist.xml; path = Info.plist; sourceTree = "<group>"; };
		560D671C2971C10500874CE1 /* PulseTests.xctest */ = {isa = PBXFileReference; explicitFileType = wrapper.cfbundle; includeInIndex = 0; path = PulseTests.xctest; sourceTree = BUILT_PRODUCTS_DIR; };
		560D674A2971CB1C00874CE1 /* NetworkProvider.swift */ = {isa = PBXFileReference; fileEncoding = 4; lastKnownFileType = sourcecode.swift; path = NetworkProvider.swift; sourceTree = "<group>"; };
		560D674B2971CB1C00874CE1 /* URLSessionNetworkProvider.swift */ = {isa = PBXFileReference; fileEncoding = 4; lastKnownFileType = sourcecode.swift; path = URLSessionNetworkProvider.swift; sourceTree = "<group>"; };
		560D674D2971CB1C00874CE1 /* HeaderKey.swift */ = {isa = PBXFileReference; fileEncoding = 4; lastKnownFileType = sourcecode.swift; path = HeaderKey.swift; sourceTree = "<group>"; };
		560D674E2971CB1C00874CE1 /* URLBuilder.swift */ = {isa = PBXFileReference; fileEncoding = 4; lastKnownFileType = sourcecode.swift; path = URLBuilder.swift; sourceTree = "<group>"; };
		560D674F2971CB1C00874CE1 /* QueryItemKey.swift */ = {isa = PBXFileReference; fileEncoding = 4; lastKnownFileType = sourcecode.swift; path = QueryItemKey.swift; sourceTree = "<group>"; };
		560D67512971CB1C00874CE1 /* EndpointPath.swift */ = {isa = PBXFileReference; fileEncoding = 4; lastKnownFileType = sourcecode.swift; path = EndpointPath.swift; sourceTree = "<group>"; };
		560D67532971CB1C00874CE1 /* Endpoint.swift */ = {isa = PBXFileReference; fileEncoding = 4; lastKnownFileType = sourcecode.swift; path = Endpoint.swift; sourceTree = "<group>"; };
		560D67552971CB1C00874CE1 /* Reachability.swift */ = {isa = PBXFileReference; fileEncoding = 4; lastKnownFileType = sourcecode.swift; path = Reachability.swift; sourceTree = "<group>"; };
		560D67572971CB1C00874CE1 /* ApiError.swift */ = {isa = PBXFileReference; fileEncoding = 4; lastKnownFileType = sourcecode.swift; path = ApiError.swift; sourceTree = "<group>"; };
		560D67582971CB1C00874CE1 /* ParserError.swift */ = {isa = PBXFileReference; fileEncoding = 4; lastKnownFileType = sourcecode.swift; path = ParserError.swift; sourceTree = "<group>"; };
		560D67652971CB8100874CE1 /* Endpoint+UrlRequest.swift */ = {isa = PBXFileReference; lastKnownFileType = sourcecode.swift; path = "Endpoint+UrlRequest.swift"; sourceTree = "<group>"; };
		560D676E2971CFA300874CE1 /* URLSessionNetworkProviderMock.swift */ = {isa = PBXFileReference; fileEncoding = 4; lastKnownFileType = sourcecode.swift; path = URLSessionNetworkProviderMock.swift; sourceTree = "<group>"; };
		560D676F2971CFA300874CE1 /* URLSessionNetworkProviderTest.swift */ = {isa = PBXFileReference; fileEncoding = 4; lastKnownFileType = sourcecode.swift; path = URLSessionNetworkProviderTest.swift; sourceTree = "<group>"; };
		560D67722971CFA300874CE1 /* ReachabilityMock.swift */ = {isa = PBXFileReference; fileEncoding = 4; lastKnownFileType = sourcecode.swift; path = ReachabilityMock.swift; sourceTree = "<group>"; };
		560D67732971CFA300874CE1 /* UrlBuilderTest.swift */ = {isa = PBXFileReference; fileEncoding = 4; lastKnownFileType = sourcecode.swift; path = UrlBuilderTest.swift; sourceTree = "<group>"; };
		560D677F2971D0C900874CE1 /* JSONHelper.swift */ = {isa = PBXFileReference; lastKnownFileType = sourcecode.swift; path = JSONHelper.swift; sourceTree = "<group>"; };
		560D67822971D12200874CE1 /* URLProtocolMock.swift */ = {isa = PBXFileReference; lastKnownFileType = sourcecode.swift; path = URLProtocolMock.swift; sourceTree = "<group>"; };
		560D67862971D17000874CE1 /* DummyEndpoint.swift */ = {isa = PBXFileReference; lastKnownFileType = sourcecode.swift; path = DummyEndpoint.swift; sourceTree = "<group>"; };
		560D67892971D1F600874CE1 /* upcoming-sports.json */ = {isa = PBXFileReference; lastKnownFileType = text.json; path = "upcoming-sports.json"; sourceTree = "<group>"; };
		560D678A2971D31600874CE1 /* Local.plist */ = {isa = PBXFileReference; lastKnownFileType = text.plist.xml; path = Local.plist; sourceTree = "<group>"; };
		560D678D2971D34A00874CE1 /* AppConfiguration.swift */ = {isa = PBXFileReference; lastKnownFileType = sourcecode.swift; path = AppConfiguration.swift; sourceTree = "<group>"; };
		560D67902971D36E00874CE1 /* AppConfigurationTest.swift */ = {isa = PBXFileReference; lastKnownFileType = sourcecode.swift; path = AppConfigurationTest.swift; sourceTree = "<group>"; };
		560D67A42971D77600874CE1 /* JsonDataParser.swift */ = {isa = PBXFileReference; lastKnownFileType = sourcecode.swift; path = JsonDataParser.swift; sourceTree = "<group>"; };
		560D67A62971D78400874CE1 /* DataParser.swift */ = {isa = PBXFileReference; lastKnownFileType = sourcecode.swift; path = DataParser.swift; sourceTree = "<group>"; };
		560D67AA2971D7D200874CE1 /* JsonDataParserTest.swift */ = {isa = PBXFileReference; lastKnownFileType = sourcecode.swift; path = JsonDataParserTest.swift; sourceTree = "<group>"; };
		560D67AD2971D7EE00874CE1 /* JsonDataParserMock.swift */ = {isa = PBXFileReference; lastKnownFileType = sourcecode.swift; path = JsonDataParserMock.swift; sourceTree = "<group>"; };
		560D67B02971D89B00874CE1 /* TestingAppDelegate.swift */ = {isa = PBXFileReference; lastKnownFileType = sourcecode.swift; path = TestingAppDelegate.swift; sourceTree = "<group>"; };
		560D67B32971D8BE00874CE1 /* TestingRootViewController.swift */ = {isa = PBXFileReference; lastKnownFileType = sourcecode.swift; path = TestingRootViewController.swift; sourceTree = "<group>"; };
		560D67B62971D92B00874CE1 /* TestingSceneDelegate.swift */ = {isa = PBXFileReference; lastKnownFileType = sourcecode.swift; path = TestingSceneDelegate.swift; sourceTree = "<group>"; };
		560D67B92971D95500874CE1 /* main.swift */ = {isa = PBXFileReference; lastKnownFileType = sourcecode.swift; path = main.swift; sourceTree = "<group>"; };
		560D67BB2971D9F000874CE1 /* SceneDelegate.swift */ = {isa = PBXFileReference; lastKnownFileType = sourcecode.swift; path = SceneDelegate.swift; sourceTree = "<group>"; };
		560D67C12971DBA500874CE1 /* Storyboarded.swift */ = {isa = PBXFileReference; lastKnownFileType = sourcecode.swift; path = Storyboarded.swift; sourceTree = "<group>"; };
		560D67C32971DBC600874CE1 /* Coordinator.swift */ = {isa = PBXFileReference; lastKnownFileType = sourcecode.swift; path = Coordinator.swift; sourceTree = "<group>"; };
		560D67C52971DBE000874CE1 /* MainCoordinator.swift */ = {isa = PBXFileReference; lastKnownFileType = sourcecode.swift; path = MainCoordinator.swift; sourceTree = "<group>"; };
		560D67C82971DC1200874CE1 /* Storyboarded+Instanciate.swift */ = {isa = PBXFileReference; lastKnownFileType = sourcecode.swift; path = "Storyboarded+Instanciate.swift"; sourceTree = "<group>"; };
		560D67CC2971DC6600874CE1 /* UpcomingSportsViewController.swift */ = {isa = PBXFileReference; lastKnownFileType = sourcecode.swift; path = UpcomingSportsViewController.swift; sourceTree = "<group>"; };
		560D67CF2971DF5B00874CE1 /* Service.swift */ = {isa = PBXFileReference; lastKnownFileType = sourcecode.swift; path = Service.swift; sourceTree = "<group>"; };
		560D67D12971DF8B00874CE1 /* SportsService.swift */ = {isa = PBXFileReference; lastKnownFileType = sourcecode.swift; path = SportsService.swift; sourceTree = "<group>"; };
		560D67D42971E02200874CE1 /* UpcomingEventsEndpoint.swift */ = {isa = PBXFileReference; lastKnownFileType = sourcecode.swift; path = UpcomingEventsEndpoint.swift; sourceTree = "<group>"; };
		560D67D62971E19B00874CE1 /* Sport.swift */ = {isa = PBXFileReference; lastKnownFileType = sourcecode.swift; path = Sport.swift; sourceTree = "<group>"; };
		560D67D82971E28900874CE1 /* Event.swift */ = {isa = PBXFileReference; lastKnownFileType = sourcecode.swift; path = Event.swift; sourceTree = "<group>"; };
		560D67DA2971E41900874CE1 /* SportServiceTest.swift */ = {isa = PBXFileReference; lastKnownFileType = sourcecode.swift; path = SportServiceTest.swift; sourceTree = "<group>"; };
		564E0FF2297326D5002BF05E /* UpcomingSportsViewModel.swift */ = {isa = PBXFileReference; lastKnownFileType = sourcecode.swift; path = UpcomingSportsViewModel.swift; sourceTree = "<group>"; };
		564E0FF529732710002BF05E /* UpcomingSportsView.swift */ = {isa = PBXFileReference; lastKnownFileType = sourcecode.swift; path = UpcomingSportsView.swift; sourceTree = "<group>"; };
		564E1001297342BC002BF05E /* EventListViewController.swift */ = {isa = PBXFileReference; lastKnownFileType = sourcecode.swift; path = EventListViewController.swift; sourceTree = "<group>"; };
/* End PBXFileReference section */

/* Begin PBXFrameworksBuildPhase section */
		560D67032971C10300874CE1 /* Frameworks */ = {
			isa = PBXFrameworksBuildPhase;
			buildActionMask = 2147483647;
			files = (
			);
			runOnlyForDeploymentPostprocessing = 0;
		};
		560D67192971C10500874CE1 /* Frameworks */ = {
			isa = PBXFrameworksBuildPhase;
			buildActionMask = 2147483647;
			files = (
			);
			runOnlyForDeploymentPostprocessing = 0;
		};
/* End PBXFrameworksBuildPhase section */

/* Begin PBXGroup section */
		560D66FD2971C10300874CE1 = {
			isa = PBXGroup;
			children = (
				560D67082971C10300874CE1 /* Pulse */,
				560D671F2971C10500874CE1 /* PulseTests */,
				560D67072971C10300874CE1 /* Products */,
			);
			sourceTree = "<group>";
		};
		560D67072971C10300874CE1 /* Products */ = {
			isa = PBXGroup;
			children = (
				560D67062971C10300874CE1 /* Pulse.app */,
				560D671C2971C10500874CE1 /* PulseTests.xctest */,
			);
			name = Products;
			sourceTree = "<group>";
		};
		560D67082971C10300874CE1 /* Pulse */ = {
			isa = PBXGroup;
			children = (
				560D67122971C10500874CE1 /* Assets.xcassets */,
				560D673B2971C6B200874CE1 /* Configurations */,
				560D67C02971DB7900874CE1 /* Coordinator */,
				560D67392971C69F00874CE1 /* Core */,
				560D67C72971DC0900874CE1 /* Extensions */,
				560D67CE2971DF5600874CE1 /* Model */,
				560D67482971CB1C00874CE1 /* Network */,
				560D67A22971D75F00874CE1 /* Service */,
				560D673A2971C6A800874CE1 /* Views */,
			);
			path = Pulse;
			sourceTree = "<group>";
		};
		560D671F2971C10500874CE1 /* PulseTests */ = {
			isa = PBXGroup;
			children = (
				560D678F2971D36600874CE1 /* Configurations */,
				560D67AF2971D89400874CE1 /* Core */,
				560D677E2971D0C000874CE1 /* Helpers */,
				560D67882971D1E300874CE1 /* JSONMocks */,
				560D67672971CFA300874CE1 /* Network */,
				560D67A82971D7C100874CE1 /* Service */,
			);
			path = PulseTests;
			sourceTree = "<group>";
		};
		560D67392971C69F00874CE1 /* Core */ = {
			isa = PBXGroup;
			children = (
				560D67B92971D95500874CE1 /* main.swift */,
				560D67092971C10300874CE1 /* AppDelegate.swift */,
				560D67BB2971D9F000874CE1 /* SceneDelegate.swift */,
			);
			path = Core;
			sourceTree = "<group>";
		};
		560D673A2971C6A800874CE1 /* Views */ = {
			isa = PBXGroup;
			children = (
				564E1000297342B0002BF05E /* EventsList */,
				560D67CA2971DC3600874CE1 /* Storyboards */,
				564E0FF429732705002BF05E /* Support */,
				560D67CB2971DC4200874CE1 /* UpcomingSports */,
			);
			path = Views;
			sourceTree = "<group>";
		};
		560D673B2971C6B200874CE1 /* Configurations */ = {
			isa = PBXGroup;
			children = (
				560D67172971C10500874CE1 /* Info.plist */,
				560D678A2971D31600874CE1 /* Local.plist */,
				560D678D2971D34A00874CE1 /* AppConfiguration.swift */,
			);
			path = Configurations;
			sourceTree = "<group>";
		};
		560D67482971CB1C00874CE1 /* Network */ = {
			isa = PBXGroup;
			children = (
				560D67502971CB1C00874CE1 /* Endpoint */,
				560D67562971CB1C00874CE1 /* Error */,
				560D67492971CB1C00874CE1 /* Provider */,
				560D67542971CB1C00874CE1 /* Reachability */,
				560D674C2971CB1C00874CE1 /* Support */,
			);
			path = Network;
			sourceTree = "<group>";
		};
		560D67492971CB1C00874CE1 /* Provider */ = {
			isa = PBXGroup;
			children = (
				560D674A2971CB1C00874CE1 /* NetworkProvider.swift */,
				560D674B2971CB1C00874CE1 /* URLSessionNetworkProvider.swift */,
			);
			path = Provider;
			sourceTree = "<group>";
		};
		560D674C2971CB1C00874CE1 /* Support */ = {
			isa = PBXGroup;
			children = (
				560D674D2971CB1C00874CE1 /* HeaderKey.swift */,
				560D674E2971CB1C00874CE1 /* URLBuilder.swift */,
				560D674F2971CB1C00874CE1 /* QueryItemKey.swift */,
			);
			path = Support;
			sourceTree = "<group>";
		};
		560D67502971CB1C00874CE1 /* Endpoint */ = {
			isa = PBXGroup;
			children = (
				560D67D32971E00600874CE1 /* Base */,
				560D67D42971E02200874CE1 /* UpcomingEventsEndpoint.swift */,
			);
			path = Endpoint;
			sourceTree = "<group>";
		};
		560D67542971CB1C00874CE1 /* Reachability */ = {
			isa = PBXGroup;
			children = (
				560D67552971CB1C00874CE1 /* Reachability.swift */,
			);
			path = Reachability;
			sourceTree = "<group>";
		};
		560D67562971CB1C00874CE1 /* Error */ = {
			isa = PBXGroup;
			children = (
				560D67572971CB1C00874CE1 /* ApiError.swift */,
			);
			path = Error;
			sourceTree = "<group>";
		};
		560D67672971CFA300874CE1 /* Network */ = {
			isa = PBXGroup;
			children = (
				560D676C2971CFA300874CE1 /* Provider */,
				560D67702971CFA300874CE1 /* Support */,
				560D67742971CFA300874CE1 /* Endpoint */,
			);
			path = Network;
			sourceTree = "<group>";
		};
		560D676C2971CFA300874CE1 /* Provider */ = {
			isa = PBXGroup;
			children = (
				560D676D2971CFA300874CE1 /* Mock */,
				560D676F2971CFA300874CE1 /* URLSessionNetworkProviderTest.swift */,
			);
			path = Provider;
			sourceTree = "<group>";
		};
		560D676D2971CFA300874CE1 /* Mock */ = {
			isa = PBXGroup;
			children = (
				560D676E2971CFA300874CE1 /* URLSessionNetworkProviderMock.swift */,
				560D67822971D12200874CE1 /* URLProtocolMock.swift */,
			);
			path = Mock;
			sourceTree = "<group>";
		};
		560D67702971CFA300874CE1 /* Support */ = {
			isa = PBXGroup;
			children = (
				560D67712971CFA300874CE1 /* Mock */,
				560D67732971CFA300874CE1 /* UrlBuilderTest.swift */,
			);
			path = Support;
			sourceTree = "<group>";
		};
		560D67712971CFA300874CE1 /* Mock */ = {
			isa = PBXGroup;
			children = (
				560D67722971CFA300874CE1 /* ReachabilityMock.swift */,
			);
			path = Mock;
			sourceTree = "<group>";
		};
		560D67742971CFA300874CE1 /* Endpoint */ = {
			isa = PBXGroup;
			children = (
				560D67842971D16000874CE1 /* Mock */,
			);
			path = Endpoint;
			sourceTree = "<group>";
		};
		560D677E2971D0C000874CE1 /* Helpers */ = {
			isa = PBXGroup;
			children = (
				560D677F2971D0C900874CE1 /* JSONHelper.swift */,
			);
			path = Helpers;
			sourceTree = "<group>";
		};
		560D67842971D16000874CE1 /* Mock */ = {
			isa = PBXGroup;
			children = (
				560D67862971D17000874CE1 /* DummyEndpoint.swift */,
			);
			path = Mock;
			sourceTree = "<group>";
		};
		560D67882971D1E300874CE1 /* JSONMocks */ = {
			isa = PBXGroup;
			children = (
				560D67892971D1F600874CE1 /* upcoming-sports.json */,
			);
			path = JSONMocks;
			sourceTree = "<group>";
		};
		560D678F2971D36600874CE1 /* Configurations */ = {
			isa = PBXGroup;
			children = (
				560D67902971D36E00874CE1 /* AppConfigurationTest.swift */,
			);
			path = Configurations;
			sourceTree = "<group>";
		};
		560D67A22971D75F00874CE1 /* Service */ = {
			isa = PBXGroup;
			children = (
				560D67A32971D76200874CE1 /* Parser */,
				560D67D12971DF8B00874CE1 /* SportsService.swift */,
			);
			path = Service;
			sourceTree = "<group>";
		};
		560D67A32971D76200874CE1 /* Parser */ = {
			isa = PBXGroup;
			children = (
				560D67A62971D78400874CE1 /* DataParser.swift */,
				560D67A42971D77600874CE1 /* JsonDataParser.swift */,
				560D67582971CB1C00874CE1 /* ParserError.swift */,
			);
			path = Parser;
			sourceTree = "<group>";
		};
		560D67A82971D7C100874CE1 /* Service */ = {
			isa = PBXGroup;
			children = (
				560D67A92971D7C500874CE1 /* Parser */,
				560D67DA2971E41900874CE1 /* SportServiceTest.swift */,
			);
			path = Service;
			sourceTree = "<group>";
		};
		560D67A92971D7C500874CE1 /* Parser */ = {
			isa = PBXGroup;
			children = (
				560D67AC2971D7EA00874CE1 /* Mock */,
				560D67AA2971D7D200874CE1 /* JsonDataParserTest.swift */,
			);
			path = Parser;
			sourceTree = "<group>";
		};
		560D67AC2971D7EA00874CE1 /* Mock */ = {
			isa = PBXGroup;
			children = (
				560D67AD2971D7EE00874CE1 /* JsonDataParserMock.swift */,
			);
			path = Mock;
			sourceTree = "<group>";
		};
		560D67AF2971D89400874CE1 /* Core */ = {
			isa = PBXGroup;
			children = (
				560D67B02971D89B00874CE1 /* TestingAppDelegate.swift */,
				560D67B32971D8BE00874CE1 /* TestingRootViewController.swift */,
				560D67B62971D92B00874CE1 /* TestingSceneDelegate.swift */,
			);
			path = Core;
			sourceTree = "<group>";
		};
		560D67C02971DB7900874CE1 /* Coordinator */ = {
			isa = PBXGroup;
			children = (
				560D67C12971DBA500874CE1 /* Storyboarded.swift */,
				560D67C32971DBC600874CE1 /* Coordinator.swift */,
				560D67C52971DBE000874CE1 /* MainCoordinator.swift */,
			);
			path = Coordinator;
			sourceTree = "<group>";
		};
		560D67C72971DC0900874CE1 /* Extensions */ = {
			isa = PBXGroup;
			children = (
				560D67652971CB8100874CE1 /* Endpoint+UrlRequest.swift */,
				560D67C82971DC1200874CE1 /* Storyboarded+Instanciate.swift */,
			);
			path = Extensions;
			sourceTree = "<group>";
		};
		560D67CA2971DC3600874CE1 /* Storyboards */ = {
			isa = PBXGroup;
			children = (
				560D670F2971C10300874CE1 /* Main.storyboard */,
				560D67142971C10500874CE1 /* LaunchScreen.storyboard */,
			);
			path = Storyboards;
			sourceTree = "<group>";
		};
		560D67CB2971DC4200874CE1 /* UpcomingSports */ = {
			isa = PBXGroup;
			children = (
				564E0FF529732710002BF05E /* UpcomingSportsView.swift */,
				560D67CC2971DC6600874CE1 /* UpcomingSportsViewController.swift */,
				564E0FF2297326D5002BF05E /* UpcomingSportsViewModel.swift */,
			);
			path = UpcomingSports;
			sourceTree = "<group>";
		};
		560D67CE2971DF5600874CE1 /* Model */ = {
			isa = PBXGroup;
			children = (
				560D67D82971E28900874CE1 /* Event.swift */,
				560D67CF2971DF5B00874CE1 /* Service.swift */,
				560D67D62971E19B00874CE1 /* Sport.swift */,
			);
			path = Model;
			sourceTree = "<group>";
		};
		560D67D32971E00600874CE1 /* Base */ = {
			isa = PBXGroup;
			children = (
				560D67512971CB1C00874CE1 /* EndpointPath.swift */,
				560D67532971CB1C00874CE1 /* Endpoint.swift */,
			);
			path = Base;
			sourceTree = "<group>";
		};
		564E0FF429732705002BF05E /* Support */ = {
			isa = PBXGroup;
			children = (
			);
			path = Support;
			sourceTree = "<group>";
		};
		564E1000297342B0002BF05E /* EventsList */ = {
			isa = PBXGroup;
			children = (
				564E1001297342BC002BF05E /* EventListViewController.swift */,
			);
			path = EventsList;
			sourceTree = "<group>";
		};
/* End PBXGroup section */

/* Begin PBXNativeTarget section */
		560D67052971C10300874CE1 /* Pulse */ = {
			isa = PBXNativeTarget;
			buildConfigurationList = 560D67302971C10500874CE1 /* Build configuration list for PBXNativeTarget "Pulse" */;
			buildPhases = (
				560D67022971C10300874CE1 /* Sources */,
				560D67032971C10300874CE1 /* Frameworks */,
				560D67042971C10300874CE1 /* Resources */,
			);
			buildRules = (
			);
			dependencies = (
			);
			name = Pulse;
			productName = Pulse;
			productReference = 560D67062971C10300874CE1 /* Pulse.app */;
			productType = "com.apple.product-type.application";
		};
		560D671B2971C10500874CE1 /* PulseTests */ = {
			isa = PBXNativeTarget;
			buildConfigurationList = 560D67332971C10500874CE1 /* Build configuration list for PBXNativeTarget "PulseTests" */;
			buildPhases = (
				560D67182971C10500874CE1 /* Sources */,
				560D67192971C10500874CE1 /* Frameworks */,
				560D671A2971C10500874CE1 /* Resources */,
			);
			buildRules = (
			);
			dependencies = (
				560D671E2971C10500874CE1 /* PBXTargetDependency */,
			);
			name = PulseTests;
			productName = PulseTests;
			productReference = 560D671C2971C10500874CE1 /* PulseTests.xctest */;
			productType = "com.apple.product-type.bundle.unit-test";
		};
/* End PBXNativeTarget section */

/* Begin PBXProject section */
		560D66FE2971C10300874CE1 /* Project object */ = {
			isa = PBXProject;
			attributes = {
				BuildIndependentTargetsInParallel = 1;
				LastSwiftUpdateCheck = 1420;
				LastUpgradeCheck = 1420;
				TargetAttributes = {
					560D67052971C10300874CE1 = {
						CreatedOnToolsVersion = 14.2;
					};
					560D671B2971C10500874CE1 = {
						CreatedOnToolsVersion = 14.2;
						TestTargetID = 560D67052971C10300874CE1;
					};
				};
			};
			buildConfigurationList = 560D67012971C10300874CE1 /* Build configuration list for PBXProject "Pulse" */;
			compatibilityVersion = "Xcode 14.0";
			developmentRegion = en;
			hasScannedForEncodings = 0;
			knownRegions = (
				en,
				Base,
			);
			mainGroup = 560D66FD2971C10300874CE1;
			productRefGroup = 560D67072971C10300874CE1 /* Products */;
			projectDirPath = "";
			projectRoot = "";
			targets = (
				560D67052971C10300874CE1 /* Pulse */,
				560D671B2971C10500874CE1 /* PulseTests */,
			);
		};
/* End PBXProject section */

/* Begin PBXResourcesBuildPhase section */
		560D67042971C10300874CE1 /* Resources */ = {
			isa = PBXResourcesBuildPhase;
			buildActionMask = 2147483647;
			files = (
				560D67162971C10500874CE1 /* LaunchScreen.storyboard in Resources */,
				560D67132971C10500874CE1 /* Assets.xcassets in Resources */,
				560D67112971C10300874CE1 /* Main.storyboard in Resources */,
			);
			runOnlyForDeploymentPostprocessing = 0;
		};
		560D671A2971C10500874CE1 /* Resources */ = {
			isa = PBXResourcesBuildPhase;
			buildActionMask = 2147483647;
			files = (
				560D67DC2971E68600874CE1 /* upcoming-sports.json in Resources */,
			);
			runOnlyForDeploymentPostprocessing = 0;
		};
/* End PBXResourcesBuildPhase section */

/* Begin PBXSourcesBuildPhase section */
		560D67022971C10300874CE1 /* Sources */ = {
			isa = PBXSourcesBuildPhase;
			buildActionMask = 2147483647;
			files = (
				560D67C62971DBE000874CE1 /* MainCoordinator.swift in Sources */,
				560D67D02971DF5B00874CE1 /* Service.swift in Sources */,
				560D670A2971C10300874CE1 /* AppDelegate.swift in Sources */,
				560D67C92971DC1200874CE1 /* Storyboarded+Instanciate.swift in Sources */,
				560D67BA2971D95500874CE1 /* main.swift in Sources */,
				560D67D52971E02200874CE1 /* UpcomingEventsEndpoint.swift in Sources */,
				560D67D72971E19B00874CE1 /* Sport.swift in Sources */,
				560D67A72971D78400874CE1 /* DataParser.swift in Sources */,
				564E0FF3297326D5002BF05E /* UpcomingSportsViewModel.swift in Sources */,
				560D67CD2971DC6600874CE1 /* UpcomingSportsViewController.swift in Sources */,
				560D67632971CB1C00874CE1 /* ParserError.swift in Sources */,
				560D67D92971E28900874CE1 /* Event.swift in Sources */,
				560D675A2971CB1C00874CE1 /* URLSessionNetworkProvider.swift in Sources */,
				560D67A52971D77600874CE1 /* JsonDataParser.swift in Sources */,
				560D67D22971DF8B00874CE1 /* SportsService.swift in Sources */,
				560D67602971CB1C00874CE1 /* Endpoint.swift in Sources */,
				560D67622971CB1C00874CE1 /* ApiError.swift in Sources */,
				564E0FF629732710002BF05E /* UpcomingSportsView.swift in Sources */,
				560D675E2971CB1C00874CE1 /* EndpointPath.swift in Sources */,
				560D67592971CB1C00874CE1 /* NetworkProvider.swift in Sources */,
				560D67BC2971D9F000874CE1 /* SceneDelegate.swift in Sources */,
				560D67C42971DBC600874CE1 /* Coordinator.swift in Sources */,
				560D67612971CB1C00874CE1 /* Reachability.swift in Sources */,
				560D675D2971CB1C00874CE1 /* QueryItemKey.swift in Sources */,
				560D67662971CB8100874CE1 /* Endpoint+UrlRequest.swift in Sources */,
				564E1002297342BC002BF05E /* EventListViewController.swift in Sources */,
				560D675B2971CB1C00874CE1 /* HeaderKey.swift in Sources */,
				560D678E2971D34A00874CE1 /* AppConfiguration.swift in Sources */,
				560D67C22971DBA500874CE1 /* Storyboarded.swift in Sources */,
				560D675C2971CB1C00874CE1 /* URLBuilder.swift in Sources */,
			);
			runOnlyForDeploymentPostprocessing = 0;
		};
		560D67182971C10500874CE1 /* Sources */ = {
			isa = PBXSourcesBuildPhase;
			buildActionMask = 2147483647;
			files = (
				560D67AE2971D7EE00874CE1 /* JsonDataParserMock.swift in Sources */,
				560D67AB2971D7D200874CE1 /* JsonDataParserTest.swift in Sources */,
				560D67872971D17000874CE1 /* DummyEndpoint.swift in Sources */,
				560D677A2971CFA300874CE1 /* URLSessionNetworkProviderTest.swift in Sources */,
				560D67832971D12200874CE1 /* URLProtocolMock.swift in Sources */,
				560D677C2971CFA300874CE1 /* UrlBuilderTest.swift in Sources */,
				560D67DB2971E41900874CE1 /* SportServiceTest.swift in Sources */,
				560D67792971CFA300874CE1 /* URLSessionNetworkProviderMock.swift in Sources */,
				560D67B72971D92B00874CE1 /* TestingSceneDelegate.swift in Sources */,
				560D677B2971CFA300874CE1 /* ReachabilityMock.swift in Sources */,
				560D67912971D36E00874CE1 /* AppConfigurationTest.swift in Sources */,
				560D67B12971D89B00874CE1 /* TestingAppDelegate.swift in Sources */,
				560D67802971D0C900874CE1 /* JSONHelper.swift in Sources */,
				560D67B42971D8BE00874CE1 /* TestingRootViewController.swift in Sources */,
			);
			runOnlyForDeploymentPostprocessing = 0;
		};
/* End PBXSourcesBuildPhase section */

/* Begin PBXTargetDependency section */
		560D671E2971C10500874CE1 /* PBXTargetDependency */ = {
			isa = PBXTargetDependency;
			target = 560D67052971C10300874CE1 /* Pulse */;
			targetProxy = 560D671D2971C10500874CE1 /* PBXContainerItemProxy */;
		};
/* End PBXTargetDependency section */

/* Begin PBXVariantGroup section */
		560D670F2971C10300874CE1 /* Main.storyboard */ = {
			isa = PBXVariantGroup;
			children = (
				560D67102971C10300874CE1 /* Base */,
			);
			name = Main.storyboard;
			sourceTree = "<group>";
		};
		560D67142971C10500874CE1 /* LaunchScreen.storyboard */ = {
			isa = PBXVariantGroup;
			children = (
				560D67152971C10500874CE1 /* Base */,
			);
			name = LaunchScreen.storyboard;
			sourceTree = "<group>";
		};
/* End PBXVariantGroup section */

/* Begin XCBuildConfiguration section */
		560D672E2971C10500874CE1 /* Debug */ = {
			isa = XCBuildConfiguration;
			buildSettings = {
				ALWAYS_SEARCH_USER_PATHS = NO;
				CLANG_ANALYZER_NONNULL = YES;
				CLANG_ANALYZER_NUMBER_OBJECT_CONVERSION = YES_AGGRESSIVE;
				CLANG_CXX_LANGUAGE_STANDARD = "gnu++20";
				CLANG_ENABLE_MODULES = YES;
				CLANG_ENABLE_OBJC_ARC = YES;
				CLANG_ENABLE_OBJC_WEAK = YES;
				CLANG_WARN_BLOCK_CAPTURE_AUTORELEASING = YES;
				CLANG_WARN_BOOL_CONVERSION = YES;
				CLANG_WARN_COMMA = YES;
				CLANG_WARN_CONSTANT_CONVERSION = YES;
				CLANG_WARN_DEPRECATED_OBJC_IMPLEMENTATIONS = YES;
				CLANG_WARN_DIRECT_OBJC_ISA_USAGE = YES_ERROR;
				CLANG_WARN_DOCUMENTATION_COMMENTS = YES;
				CLANG_WARN_EMPTY_BODY = YES;
				CLANG_WARN_ENUM_CONVERSION = YES;
				CLANG_WARN_INFINITE_RECURSION = YES;
				CLANG_WARN_INT_CONVERSION = YES;
				CLANG_WARN_NON_LITERAL_NULL_CONVERSION = YES;
				CLANG_WARN_OBJC_IMPLICIT_RETAIN_SELF = YES;
				CLANG_WARN_OBJC_LITERAL_CONVERSION = YES;
				CLANG_WARN_OBJC_ROOT_CLASS = YES_ERROR;
				CLANG_WARN_QUOTED_INCLUDE_IN_FRAMEWORK_HEADER = YES;
				CLANG_WARN_RANGE_LOOP_ANALYSIS = YES;
				CLANG_WARN_STRICT_PROTOTYPES = YES;
				CLANG_WARN_SUSPICIOUS_MOVE = YES;
				CLANG_WARN_UNGUARDED_AVAILABILITY = YES_AGGRESSIVE;
				CLANG_WARN_UNREACHABLE_CODE = YES;
				CLANG_WARN__DUPLICATE_METHOD_MATCH = YES;
				COPY_PHASE_STRIP = NO;
				DEBUG_INFORMATION_FORMAT = dwarf;
				ENABLE_STRICT_OBJC_MSGSEND = YES;
				ENABLE_TESTABILITY = YES;
				GCC_C_LANGUAGE_STANDARD = gnu11;
				GCC_DYNAMIC_NO_PIC = NO;
				GCC_NO_COMMON_BLOCKS = YES;
				GCC_OPTIMIZATION_LEVEL = 0;
				GCC_PREPROCESSOR_DEFINITIONS = (
					"DEBUG=1",
					"$(inherited)",
				);
				GCC_WARN_64_TO_32_BIT_CONVERSION = YES;
				GCC_WARN_ABOUT_RETURN_TYPE = YES_ERROR;
				GCC_WARN_UNDECLARED_SELECTOR = YES;
				GCC_WARN_UNINITIALIZED_AUTOS = YES_AGGRESSIVE;
				GCC_WARN_UNUSED_FUNCTION = YES;
				GCC_WARN_UNUSED_VARIABLE = YES;
				INFOPLIST_FILE = Pulse/Configurations/Info.plist;
				IPHONEOS_DEPLOYMENT_TARGET = 16.2;
				MTL_ENABLE_DEBUG_INFO = INCLUDE_SOURCE;
				MTL_FAST_MATH = YES;
				ONLY_ACTIVE_ARCH = YES;
				SDKROOT = iphoneos;
				SWIFT_ACTIVE_COMPILATION_CONDITIONS = DEBUG;
				SWIFT_OPTIMIZATION_LEVEL = "-Onone";
			};
			name = Debug;
		};
		560D672F2971C10500874CE1 /* Release */ = {
			isa = XCBuildConfiguration;
			buildSettings = {
				ALWAYS_SEARCH_USER_PATHS = NO;
				CLANG_ANALYZER_NONNULL = YES;
				CLANG_ANALYZER_NUMBER_OBJECT_CONVERSION = YES_AGGRESSIVE;
				CLANG_CXX_LANGUAGE_STANDARD = "gnu++20";
				CLANG_ENABLE_MODULES = YES;
				CLANG_ENABLE_OBJC_ARC = YES;
				CLANG_ENABLE_OBJC_WEAK = YES;
				CLANG_WARN_BLOCK_CAPTURE_AUTORELEASING = YES;
				CLANG_WARN_BOOL_CONVERSION = YES;
				CLANG_WARN_COMMA = YES;
				CLANG_WARN_CONSTANT_CONVERSION = YES;
				CLANG_WARN_DEPRECATED_OBJC_IMPLEMENTATIONS = YES;
				CLANG_WARN_DIRECT_OBJC_ISA_USAGE = YES_ERROR;
				CLANG_WARN_DOCUMENTATION_COMMENTS = YES;
				CLANG_WARN_EMPTY_BODY = YES;
				CLANG_WARN_ENUM_CONVERSION = YES;
				CLANG_WARN_INFINITE_RECURSION = YES;
				CLANG_WARN_INT_CONVERSION = YES;
				CLANG_WARN_NON_LITERAL_NULL_CONVERSION = YES;
				CLANG_WARN_OBJC_IMPLICIT_RETAIN_SELF = YES;
				CLANG_WARN_OBJC_LITERAL_CONVERSION = YES;
				CLANG_WARN_OBJC_ROOT_CLASS = YES_ERROR;
				CLANG_WARN_QUOTED_INCLUDE_IN_FRAMEWORK_HEADER = YES;
				CLANG_WARN_RANGE_LOOP_ANALYSIS = YES;
				CLANG_WARN_STRICT_PROTOTYPES = YES;
				CLANG_WARN_SUSPICIOUS_MOVE = YES;
				CLANG_WARN_UNGUARDED_AVAILABILITY = YES_AGGRESSIVE;
				CLANG_WARN_UNREACHABLE_CODE = YES;
				CLANG_WARN__DUPLICATE_METHOD_MATCH = YES;
				COPY_PHASE_STRIP = NO;
				DEBUG_INFORMATION_FORMAT = "dwarf-with-dsym";
				ENABLE_NS_ASSERTIONS = NO;
				ENABLE_STRICT_OBJC_MSGSEND = YES;
				GCC_C_LANGUAGE_STANDARD = gnu11;
				GCC_NO_COMMON_BLOCKS = YES;
				GCC_WARN_64_TO_32_BIT_CONVERSION = YES;
				GCC_WARN_ABOUT_RETURN_TYPE = YES_ERROR;
				GCC_WARN_UNDECLARED_SELECTOR = YES;
				GCC_WARN_UNINITIALIZED_AUTOS = YES_AGGRESSIVE;
				GCC_WARN_UNUSED_FUNCTION = YES;
				GCC_WARN_UNUSED_VARIABLE = YES;
				INFOPLIST_FILE = Pulse/Configurations/Info.plist;
				IPHONEOS_DEPLOYMENT_TARGET = 16.2;
				MTL_ENABLE_DEBUG_INFO = NO;
				MTL_FAST_MATH = YES;
				SDKROOT = iphoneos;
				SWIFT_COMPILATION_MODE = wholemodule;
				SWIFT_OPTIMIZATION_LEVEL = "-O";
				VALIDATE_PRODUCT = YES;
			};
			name = Release;
		};
		560D67312971C10500874CE1 /* Debug */ = {
			isa = XCBuildConfiguration;
			buildSettings = {
				ASSETCATALOG_COMPILER_APPICON_NAME = AppIcon;
				ASSETCATALOG_COMPILER_GLOBAL_ACCENT_COLOR_NAME = AccentColor;
				CODE_SIGN_STYLE = Automatic;
				CURRENT_PROJECT_VERSION = 1;
				DEVELOPMENT_TEAM = KU682TTQW4;
				GENERATE_INFOPLIST_FILE = YES;
				INFOPLIST_FILE = Pulse/Configurations/Info.plist;
				INFOPLIST_KEY_CFBundleDisplayName = Pulse;
				INFOPLIST_KEY_LSApplicationCategoryType = "public.app-category.sports";
				INFOPLIST_KEY_UIApplicationSupportsIndirectInputEvents = YES;
				INFOPLIST_KEY_UILaunchStoryboardName = LaunchScreen;
				INFOPLIST_KEY_UIMainStoryboardFile = Main;
				INFOPLIST_KEY_UISupportedInterfaceOrientations = "UIInterfaceOrientationPortrait UIInterfaceOrientationPortraitUpsideDown";
				INFOPLIST_KEY_UISupportedInterfaceOrientations_iPad = "UIInterfaceOrientationLandscapeLeft UIInterfaceOrientationLandscapeRight UIInterfaceOrientationPortrait UIInterfaceOrientationPortraitUpsideDown";
				IPHONEOS_DEPLOYMENT_TARGET = 12.4;
				LD_RUNPATH_SEARCH_PATHS = (
					"$(inherited)",
					"@executable_path/Frameworks",
				);
				MARKETING_VERSION = 1.0;
				PRODUCT_BUNDLE_IDENTIFIER = com.rcl.Pulse;
				PRODUCT_NAME = "$(TARGET_NAME)";
				SUPPORTED_PLATFORMS = "iphoneos iphonesimulator";
				SUPPORTS_MACCATALYST = NO;
				SUPPORTS_MAC_DESIGNED_FOR_IPHONE_IPAD = NO;
				SWIFT_EMIT_LOC_STRINGS = YES;
				SWIFT_VERSION = 5.0;
				TARGETED_DEVICE_FAMILY = 1;
			};
			name = Debug;
		};
		560D67322971C10500874CE1 /* Release */ = {
			isa = XCBuildConfiguration;
			buildSettings = {
				ASSETCATALOG_COMPILER_APPICON_NAME = AppIcon;
				ASSETCATALOG_COMPILER_GLOBAL_ACCENT_COLOR_NAME = AccentColor;
				CODE_SIGN_STYLE = Automatic;
				CURRENT_PROJECT_VERSION = 1;
				DEVELOPMENT_TEAM = KU682TTQW4;
				GENERATE_INFOPLIST_FILE = YES;
				INFOPLIST_FILE = Pulse/Configurations/Info.plist;
				INFOPLIST_KEY_CFBundleDisplayName = Pulse;
				INFOPLIST_KEY_LSApplicationCategoryType = "public.app-category.sports";
				INFOPLIST_KEY_UIApplicationSupportsIndirectInputEvents = YES;
				INFOPLIST_KEY_UILaunchStoryboardName = LaunchScreen;
				INFOPLIST_KEY_UIMainStoryboardFile = Main;
				INFOPLIST_KEY_UISupportedInterfaceOrientations = "UIInterfaceOrientationPortrait UIInterfaceOrientationPortraitUpsideDown";
				INFOPLIST_KEY_UISupportedInterfaceOrientations_iPad = "UIInterfaceOrientationLandscapeLeft UIInterfaceOrientationLandscapeRight UIInterfaceOrientationPortrait UIInterfaceOrientationPortraitUpsideDown";
				IPHONEOS_DEPLOYMENT_TARGET = 12.4;
				LD_RUNPATH_SEARCH_PATHS = (
					"$(inherited)",
					"@executable_path/Frameworks",
				);
				MARKETING_VERSION = 1.0;
				PRODUCT_BUNDLE_IDENTIFIER = com.rcl.Pulse;
				PRODUCT_NAME = "$(TARGET_NAME)";
				SUPPORTED_PLATFORMS = "iphoneos iphonesimulator";
				SUPPORTS_MACCATALYST = NO;
				SUPPORTS_MAC_DESIGNED_FOR_IPHONE_IPAD = NO;
				SWIFT_EMIT_LOC_STRINGS = YES;
				SWIFT_VERSION = 5.0;
				TARGETED_DEVICE_FAMILY = 1;
			};
			name = Release;
		};
		560D67342971C10500874CE1 /* Debug */ = {
			isa = XCBuildConfiguration;
			buildSettings = {
				ALWAYS_EMBED_SWIFT_STANDARD_LIBRARIES = YES;
				BUNDLE_LOADER = "$(TEST_HOST)";
				CODE_SIGN_STYLE = Automatic;
				CURRENT_PROJECT_VERSION = 1;
				DEVELOPMENT_TEAM = KU682TTQW4;
				GENERATE_INFOPLIST_FILE = YES;
				INFOPLIST_FILE = Pulse/Configurations/Local.plist;
				IPHONEOS_DEPLOYMENT_TARGET = 12.4;
				MARKETING_VERSION = 1.0;
				PRODUCT_BUNDLE_IDENTIFIER = com.rcl.PulseTests;
				PRODUCT_NAME = "$(TARGET_NAME)";
				SUPPORTED_PLATFORMS = "iphoneos iphonesimulator";
				SUPPORTS_MACCATALYST = NO;
				SUPPORTS_MAC_DESIGNED_FOR_IPHONE_IPAD = NO;
				SWIFT_EMIT_LOC_STRINGS = NO;
				SWIFT_VERSION = 5.0;
				TARGETED_DEVICE_FAMILY = 1;
				TEST_HOST = "$(BUILT_PRODUCTS_DIR)/Pulse.app/$(BUNDLE_EXECUTABLE_FOLDER_PATH)/Pulse";
			};
			name = Debug;
		};
		560D67352971C10500874CE1 /* Release */ = {
			isa = XCBuildConfiguration;
			buildSettings = {
				ALWAYS_EMBED_SWIFT_STANDARD_LIBRARIES = YES;
				BUNDLE_LOADER = "$(TEST_HOST)";
				CODE_SIGN_STYLE = Automatic;
				CURRENT_PROJECT_VERSION = 1;
				DEVELOPMENT_TEAM = KU682TTQW4;
				GENERATE_INFOPLIST_FILE = YES;
				INFOPLIST_FILE = Pulse/Configurations/Local.plist;
				IPHONEOS_DEPLOYMENT_TARGET = 12.4;
				MARKETING_VERSION = 1.0;
				PRODUCT_BUNDLE_IDENTIFIER = com.rcl.PulseTests;
				PRODUCT_NAME = "$(TARGET_NAME)";
				SUPPORTED_PLATFORMS = "iphoneos iphonesimulator";
				SUPPORTS_MACCATALYST = NO;
				SUPPORTS_MAC_DESIGNED_FOR_IPHONE_IPAD = NO;
				SWIFT_EMIT_LOC_STRINGS = NO;
				SWIFT_VERSION = 5.0;
				TARGETED_DEVICE_FAMILY = 1;
				TEST_HOST = "$(BUILT_PRODUCTS_DIR)/Pulse.app/$(BUNDLE_EXECUTABLE_FOLDER_PATH)/Pulse";
			};
			name = Release;
		};
		560D67922971D39B00874CE1 /* Local */ = {
			isa = XCBuildConfiguration;
			buildSettings = {
				ALWAYS_SEARCH_USER_PATHS = NO;
				CLANG_ANALYZER_NONNULL = YES;
				CLANG_ANALYZER_NUMBER_OBJECT_CONVERSION = YES_AGGRESSIVE;
				CLANG_CXX_LANGUAGE_STANDARD = "gnu++20";
				CLANG_ENABLE_MODULES = YES;
				CLANG_ENABLE_OBJC_ARC = YES;
				CLANG_ENABLE_OBJC_WEAK = YES;
				CLANG_WARN_BLOCK_CAPTURE_AUTORELEASING = YES;
				CLANG_WARN_BOOL_CONVERSION = YES;
				CLANG_WARN_COMMA = YES;
				CLANG_WARN_CONSTANT_CONVERSION = YES;
				CLANG_WARN_DEPRECATED_OBJC_IMPLEMENTATIONS = YES;
				CLANG_WARN_DIRECT_OBJC_ISA_USAGE = YES_ERROR;
				CLANG_WARN_DOCUMENTATION_COMMENTS = YES;
				CLANG_WARN_EMPTY_BODY = YES;
				CLANG_WARN_ENUM_CONVERSION = YES;
				CLANG_WARN_INFINITE_RECURSION = YES;
				CLANG_WARN_INT_CONVERSION = YES;
				CLANG_WARN_NON_LITERAL_NULL_CONVERSION = YES;
				CLANG_WARN_OBJC_IMPLICIT_RETAIN_SELF = YES;
				CLANG_WARN_OBJC_LITERAL_CONVERSION = YES;
				CLANG_WARN_OBJC_ROOT_CLASS = YES_ERROR;
				CLANG_WARN_QUOTED_INCLUDE_IN_FRAMEWORK_HEADER = YES;
				CLANG_WARN_RANGE_LOOP_ANALYSIS = YES;
				CLANG_WARN_STRICT_PROTOTYPES = YES;
				CLANG_WARN_SUSPICIOUS_MOVE = YES;
				CLANG_WARN_UNGUARDED_AVAILABILITY = YES_AGGRESSIVE;
				CLANG_WARN_UNREACHABLE_CODE = YES;
				CLANG_WARN__DUPLICATE_METHOD_MATCH = YES;
				COPY_PHASE_STRIP = NO;
				DEBUG_INFORMATION_FORMAT = dwarf;
				ENABLE_STRICT_OBJC_MSGSEND = YES;
				ENABLE_TESTABILITY = YES;
				GCC_C_LANGUAGE_STANDARD = gnu11;
				GCC_DYNAMIC_NO_PIC = NO;
				GCC_NO_COMMON_BLOCKS = YES;
				GCC_OPTIMIZATION_LEVEL = 0;
				GCC_PREPROCESSOR_DEFINITIONS = (
					"DEBUG=1",
					"$(inherited)",
				);
				GCC_WARN_64_TO_32_BIT_CONVERSION = YES;
				GCC_WARN_ABOUT_RETURN_TYPE = YES_ERROR;
				GCC_WARN_UNDECLARED_SELECTOR = YES;
				GCC_WARN_UNINITIALIZED_AUTOS = YES_AGGRESSIVE;
				GCC_WARN_UNUSED_FUNCTION = YES;
				GCC_WARN_UNUSED_VARIABLE = YES;
				INFOPLIST_FILE = Pulse/Configurations/Local.plist;
				IPHONEOS_DEPLOYMENT_TARGET = 16.2;
				MTL_ENABLE_DEBUG_INFO = INCLUDE_SOURCE;
				MTL_FAST_MATH = YES;
				ONLY_ACTIVE_ARCH = YES;
				SDKROOT = iphoneos;
				SWIFT_ACTIVE_COMPILATION_CONDITIONS = DEBUG;
				SWIFT_OPTIMIZATION_LEVEL = "-Onone";
			};
			name = Local;
		};
		560D67932971D39B00874CE1 /* Local */ = {
			isa = XCBuildConfiguration;
			buildSettings = {
				ASSETCATALOG_COMPILER_APPICON_NAME = AppIcon;
				ASSETCATALOG_COMPILER_GLOBAL_ACCENT_COLOR_NAME = AccentColor;
				CODE_SIGN_STYLE = Automatic;
				CURRENT_PROJECT_VERSION = 1;
				DEVELOPMENT_TEAM = KU682TTQW4;
				GENERATE_INFOPLIST_FILE = YES;
				INFOPLIST_FILE = Pulse/Configurations/Local.plist;
				INFOPLIST_KEY_CFBundleDisplayName = Pulse;
				INFOPLIST_KEY_LSApplicationCategoryType = "public.app-category.sports";
				INFOPLIST_KEY_UIApplicationSupportsIndirectInputEvents = YES;
				INFOPLIST_KEY_UILaunchStoryboardName = LaunchScreen;
				INFOPLIST_KEY_UIMainStoryboardFile = Main;
				INFOPLIST_KEY_UISupportedInterfaceOrientations = "UIInterfaceOrientationPortrait UIInterfaceOrientationPortraitUpsideDown";
				INFOPLIST_KEY_UISupportedInterfaceOrientations_iPad = "UIInterfaceOrientationLandscapeLeft UIInterfaceOrientationLandscapeRight UIInterfaceOrientationPortrait UIInterfaceOrientationPortraitUpsideDown";
				IPHONEOS_DEPLOYMENT_TARGET = 12.4;
				LD_RUNPATH_SEARCH_PATHS = (
					"$(inherited)",
					"@executable_path/Frameworks",
				);
				MARKETING_VERSION = 1.0;
				PRODUCT_BUNDLE_IDENTIFIER = com.rcl.Pulse;
				PRODUCT_NAME = "$(TARGET_NAME)";
				SUPPORTED_PLATFORMS = "iphoneos iphonesimulator";
				SUPPORTS_MACCATALYST = NO;
				SUPPORTS_MAC_DESIGNED_FOR_IPHONE_IPAD = NO;
				SWIFT_EMIT_LOC_STRINGS = YES;
				SWIFT_VERSION = 5.0;
				TARGETED_DEVICE_FAMILY = 1;
			};
			name = Local;
		};
		560D67942971D39B00874CE1 /* Local */ = {
			isa = XCBuildConfiguration;
			buildSettings = {
				ALWAYS_EMBED_SWIFT_STANDARD_LIBRARIES = YES;
				BUNDLE_LOADER = "$(TEST_HOST)";
				CODE_SIGN_STYLE = Automatic;
				CURRENT_PROJECT_VERSION = 1;
				DEVELOPMENT_TEAM = KU682TTQW4;
				GENERATE_INFOPLIST_FILE = YES;
				INFOPLIST_FILE = Pulse/Configurations/Local.plist;
				IPHONEOS_DEPLOYMENT_TARGET = 12.4;
				MARKETING_VERSION = 1.0;
				PRODUCT_BUNDLE_IDENTIFIER = com.rcl.PulseTests;
				PRODUCT_NAME = "$(TARGET_NAME)";
				SUPPORTED_PLATFORMS = "iphoneos iphonesimulator";
				SUPPORTS_MACCATALYST = NO;
				SUPPORTS_MAC_DESIGNED_FOR_IPHONE_IPAD = NO;
				SWIFT_EMIT_LOC_STRINGS = NO;
				SWIFT_VERSION = 5.0;
				TARGETED_DEVICE_FAMILY = 1;
				TEST_HOST = "$(BUILT_PRODUCTS_DIR)/Pulse.app/$(BUNDLE_EXECUTABLE_FOLDER_PATH)/Pulse";
			};
			name = Local;
		};
/* End XCBuildConfiguration section */

/* Begin XCConfigurationList section */
		560D67012971C10300874CE1 /* Build configuration list for PBXProject "Pulse" */ = {
			isa = XCConfigurationList;
			buildConfigurations = (
				560D672E2971C10500874CE1 /* Debug */,
				560D67922971D39B00874CE1 /* Local */,
				560D672F2971C10500874CE1 /* Release */,
			);
			defaultConfigurationIsVisible = 0;
			defaultConfigurationName = Release;
		};
		560D67302971C10500874CE1 /* Build configuration list for PBXNativeTarget "Pulse" */ = {
			isa = XCConfigurationList;
			buildConfigurations = (
				560D67312971C10500874CE1 /* Debug */,
				560D67932971D39B00874CE1 /* Local */,
				560D67322971C10500874CE1 /* Release */,
			);
			defaultConfigurationIsVisible = 0;
			defaultConfigurationName = Release;
		};
		560D67332971C10500874CE1 /* Build configuration list for PBXNativeTarget "PulseTests" */ = {
			isa = XCConfigurationList;
			buildConfigurations = (
				560D67342971C10500874CE1 /* Debug */,
				560D67942971D39B00874CE1 /* Local */,
				560D67352971C10500874CE1 /* Release */,
			);
			defaultConfigurationIsVisible = 0;
			defaultConfigurationName = Release;
		};
/* End XCConfigurationList section */
	};
	rootObject = 560D66FE2971C10300874CE1 /* Project object */;
}
